{
  "name": "zzzSURF",
  "lockfileVersion": 2,
  "requires": true,
  "packages": {
    "": {
      "dependencies": {
        "materialize-css": "^1.0.0-rc.2",
        "semantic-ui-flag": "^2.5.0"
      }
    },
    "node_modules/materialize-css": {
      "version": "1.0.0-rc.2",
      "resolved": "https://registry.npmjs.org/materialize-css/-/materialize-css-1.0.0-rc.2.tgz",
      "integrity": "sha512-FuQmSyq4Qv0ov7A2qXw0E6/jbQzSWx2P1pg2/XQDYTkkSc/GyiFAxu3fw9zgShwuTvyumEiw5jkxQWT9siqMBQ=="
    },
    "node_modules/semantic-ui-flag": {
      "version": "2.5.0",
      "resolved": "https://registry.npmjs.org/semantic-ui-flag/-/semantic-ui-flag-2.5.0.tgz",
      "integrity": "sha512-ubtAs4i/feY94wQYtOkAZQ0mxjB6HM4iBwEvpagRak3Rgfa4dMuAg2lvurbKOAxr/lpkq0D46/i0sc5JTGt+YA=="
    }
  },
  "dependencies": {
    "materialize-css": {
      "version": "1.0.0-rc.2",
      "resolved": "https://registry.npmjs.org/materialize-css/-/materialize-css-1.0.0-rc.2.tgz",
      "integrity": "sha512-FuQmSyq4Qv0ov7A2qXw0E6/jbQzSWx2P1pg2/XQDYTkkSc/GyiFAxu3fw9zgShwuTvyumEiw5jkxQWT9siqMBQ=="
    },
    "semantic-ui-flag": {
      "version": "2.5.0",
      "resolved": "https://registry.npmjs.org/semantic-ui-flag/-/semantic-ui-flag-2.5.0.tgz",
      "integrity": "sha512-ubtAs4i/feY94wQYtOkAZQ0mxjB6HM4iBwEvpagRak3Rgfa4dMuAg2lvurbKOAxr/lpkq0D46/i0sc5JTGt+YA=="
    }
  }
}
